# THIS IS AN AUTOGENERATED FILE. DO NOT EDIT THIS FILE DIRECTLY.
# yarn lockfile v1


"@types/es6-promise@0.0.x":
  version "0.0.32"
  resolved "https://registry.yarnpkg.com/@types/es6-promise/-/es6-promise-0.0.32.tgz#3bcf44fb1e429f3df76188c8c6d874463ba371fd"

"@types/mocha@2.2.x":
  version "2.2.40"
  resolved "https://registry.yarnpkg.com/@types/mocha/-/mocha-2.2.40.tgz#9811dd800ece544cd84b5b859917bf584a150c4c"

"@types/node@7.0.x":
  version "7.0.11"
  resolved "https://registry.yarnpkg.com/@types/node/-/node-7.0.11.tgz#55680189f2335f080f0aeb57871f0b9823646d89"

"@types/sinon@1.16.x":
  version "1.16.36"
  resolved "https://registry.yarnpkg.com/@types/sinon/-/sinon-1.16.36.tgz#74bb6ed7928597c1b3fb1b009005e94dc6eae357"

callbag-subject@1.0.1:
  version "1.0.1"
  resolved "https://registry.yarnpkg.com/callbag-subject/-/callbag-subject-1.0.1.tgz#367124b1040b4e95360265c0c4d386333eb13853"

callbag@1.0.2:
  version "1.0.2"
  resolved "https://registry.yarnpkg.com/callbag/-/callbag-1.0.2.tgz#3c5c14df59f9d40de86cf2acb1136afae568f3b5"

symbol-observable@1.2.0:
  version "1.2.0"
  resolved "https://registry.yarnpkg.com/symbol-observable/-/symbol-observable-1.2.0.tgz#c22688aed4eab3cdc2dfeacbb561660560a00804"

xstream@11.x:
  version "11.2.0"
  resolved "https://registry.yarnpkg.com/xstream/-/xstream-11.2.0.tgz#4acb83211fa2edcd890e36f7a7ed02caee2339b5"
  dependencies:
    symbol-observable "1.2.0"
